
Microsoft Visual Studio Solution File, Format Version 12.00
# Visual Studio 15
VisualStudioVersion = 15.0.27703.2026
MinimumVisualStudioVersion = 10.0.40219.1
Project("{FAE04EC0-301F-11D3-BF4B-00C04F79EFBC}") = "ProjectEuler15-20", "ProjectEuler15-20\ProjectEuler15-20.csproj", "{A3E823F7-6796-4932-9763-7B7DBE89319A}"
EndProject
Global
	GlobalSection(SolutionConfigurationPlatforms) = preSolution
		Debug|Any CPU = Debug|Any CPU
		Release|Any CPU = Release|Any CPU
	EndGlobalSection
	GlobalSection(ProjectConfigurationPlatforms) = postSolution
		{A3E823F7-6796-4932-9763-7B7DBE89319A}.Debug|Any CPU.ActiveCfg = Debug|Any CPU
		{A3E823F7-6796-4932-9763-7B7DBE89319A}.Debug|Any CPU.Build.0 = Debug|Any CPU
		{A3E823F7-6796-4932-9763-7B7DBE89319A}.Release|Any CPU.ActiveCfg = Release|Any CPU
		{A3E823F7-6796-4932-9763-7B7DBE89319A}.Release|Any CPU.Build.0 = Release|Any CPU
	EndGlobalSection
	GlobalSection(SolutionProperties) = preSolution
		HideSolutionNode = FALSE
	EndGlobalSection
	GlobalSection(ExtensibilityGlobals) = postSolution
		SolutionGuid = {53F765E7-6EBE-4556-AAF6-16A770C873EF}
	EndGlobalSection
EndGlobal
